
Microsoft Visual Studio Solution File, Format Version 12.00
# Visual Studio Version 17
VisualStudioVersion = 17.8.34330.188
MinimumVisualStudioVersion = 10.0.40219.1
Project("{9A19103F-16F7-4668-BE54-9A1E7A4F7556}") = "CS_08.02.24_ClassWork_Fraction", "CS_08.02.24_ClassWork_Fraction.csproj", "{B470195D-435D-44D0-B60C-34AF1757FAEF}"
EndProject
Global
	GlobalSection(SolutionConfigurationPlatforms) = preSolution
		Debug|Any CPU = Debug|Any CPU
		Release|Any CPU = Release|Any CPU
	EndGlobalSection
	GlobalSection(ProjectConfigurationPlatforms) = postSolution
		{B470195D-435D-44D0-B60C-34AF1757FAEF}.Debug|Any CPU.ActiveCfg = Debug|Any CPU
		{B470195D-435D-44D0-B60C-34AF1757FAEF}.Debug|Any CPU.Build.0 = Debug|Any CPU
		{B470195D-435D-44D0-B60C-34AF1757FAEF}.Release|Any CPU.ActiveCfg = Release|Any CPU
		{B470195D-435D-44D0-B60C-34AF1757FAEF}.Release|Any CPU.Build.0 = Release|Any CPU
	EndGlobalSection
	GlobalSection(SolutionProperties) = preSolution
		HideSolutionNode = FALSE
	EndGlobalSection
	GlobalSection(ExtensibilityGlobals) = postSolution
		SolutionGuid = {B37EF23C-8F46-4AD4-894D-50E7266EFC81}
	EndGlobalSection
EndGlobal
